
Microsoft Visual Studio Solution File, Format Version 12.00
# Visual Studio 15
VisualStudioVersion = 15.0.27703.2000
MinimumVisualStudioVersion = 10.0.40219.1
Project("{8BC9CEB8-8B4A-11D0-8D11-00A0C91BC942}") = "gate7.0", "gate7.0\gate7.0.vcxproj", "{37E8EFB0-901B-4F97-A904-7C306C13CC76}"
EndProject
Global
	GlobalSection(SolutionConfigurationPlatforms) = preSolution
		Debug|x64 = Debug|x64
		Debug|x86 = Debug|x86
		Release|x64 = Release|x64
		Release|x86 = Release|x86
	EndGlobalSection
	GlobalSection(ProjectConfigurationPlatforms) = postSolution
		{37E8EFB0-901B-4F97-A904-7C306C13CC76}.Debug|x64.ActiveCfg = Debug|x64
		{37E8EFB0-901B-4F97-A904-7C306C13CC76}.Debug|x64.Build.0 = Debug|x64
		{37E8EFB0-901B-4F97-A904-7C306C13CC76}.Debug|x86.ActiveCfg = Debug|Win32
		{37E8EFB0-901B-4F97-A904-7C306C13CC76}.Debug|x86.Build.0 = Debug|Win32
		{37E8EFB0-901B-4F97-A904-7C306C13CC76}.Release|x64.ActiveCfg = Release|x64
		{37E8EFB0-901B-4F97-A904-7C306C13CC76}.Release|x64.Build.0 = Release|x64
		{37E8EFB0-901B-4F97-A904-7C306C13CC76}.Release|x86.ActiveCfg = Release|Win32
		{37E8EFB0-901B-4F97-A904-7C306C13CC76}.Release|x86.Build.0 = Release|Win32
	EndGlobalSection
	GlobalSection(SolutionProperties) = preSolution
		HideSolutionNode = FALSE
	EndGlobalSection
	GlobalSection(ExtensibilityGlobals) = postSolution
		SolutionGuid = {A39B9DC2-0B5C-4646-98EB-5623337593C2}
	EndGlobalSection
EndGlobal
